
Microsoft Visual Studio Solution File, Format Version 12.00
# Visual Studio Version 17
VisualStudioVersion = 17.0.31912.275
MinimumVisualStudioVersion = 10.0.40219.1
Project("{2150E333-8FDC-42A3-9474-1A3956D46DE8}") = "src", "src", "{EFB96FD9-399C-487E-A971-4C9FF11C3AC2}"
EndProject
Project("{9A19103F-16F7-4668-BE54-9A1E7A4F7556}") = "Blog.Infrastructure", "Blog.Infrastructure\Blog.Infrastructure.csproj", "{9EDC830C-B190-4683-B576-2DF85DBD4D45}"
EndProject
Project("{9A19103F-16F7-4668-BE54-9A1E7A4F7556}") = "Blog.Application", "Blog.Application\Blog.Application.csproj", "{AAB5A6F5-E828-4F31-9634-25097B8FB9EC}"
EndProject
Project("{9A19103F-16F7-4668-BE54-9A1E7A4F7556}") = "Blog.Web", "Blog.Web\Blog.Web.csproj", "{CAABB1EA-06F1-4321-BDE8-2A1C4B5CC72E}"
EndProject
Project("{9A19103F-16F7-4668-BE54-9A1E7A4F7556}") = "Blog.Application.Models", "Blog.Application.Models\Blog.Application.Models.csproj", "{424C0A57-577A-4BE5-87A4-1C54F9DB0D84}"
EndProject
Global
	GlobalSection(SolutionConfigurationPlatforms) = preSolution
		Debug|Any CPU = Debug|Any CPU
		Release|Any CPU = Release|Any CPU
	EndGlobalSection
	GlobalSection(ProjectConfigurationPlatforms) = postSolution
		{9EDC830C-B190-4683-B576-2DF85DBD4D45}.Debug|Any CPU.ActiveCfg = Debug|Any CPU
		{9EDC830C-B190-4683-B576-2DF85DBD4D45}.Debug|Any CPU.Build.0 = Debug|Any CPU
		{9EDC830C-B190-4683-B576-2DF85DBD4D45}.Release|Any CPU.ActiveCfg = Release|Any CPU
		{9EDC830C-B190-4683-B576-2DF85DBD4D45}.Release|Any CPU.Build.0 = Release|Any CPU
		{AAB5A6F5-E828-4F31-9634-25097B8FB9EC}.Debug|Any CPU.ActiveCfg = Debug|Any CPU
		{AAB5A6F5-E828-4F31-9634-25097B8FB9EC}.Debug|Any CPU.Build.0 = Debug|Any CPU
		{AAB5A6F5-E828-4F31-9634-25097B8FB9EC}.Release|Any CPU.ActiveCfg = Release|Any CPU
		{AAB5A6F5-E828-4F31-9634-25097B8FB9EC}.Release|Any CPU.Build.0 = Release|Any CPU
		{CAABB1EA-06F1-4321-BDE8-2A1C4B5CC72E}.Debug|Any CPU.ActiveCfg = Debug|Any CPU
		{CAABB1EA-06F1-4321-BDE8-2A1C4B5CC72E}.Debug|Any CPU.Build.0 = Debug|Any CPU
		{CAABB1EA-06F1-4321-BDE8-2A1C4B5CC72E}.Release|Any CPU.ActiveCfg = Release|Any CPU
		{CAABB1EA-06F1-4321-BDE8-2A1C4B5CC72E}.Release|Any CPU.Build.0 = Release|Any CPU
		{424C0A57-577A-4BE5-87A4-1C54F9DB0D84}.Debug|Any CPU.ActiveCfg = Debug|Any CPU
		{424C0A57-577A-4BE5-87A4-1C54F9DB0D84}.Debug|Any CPU.Build.0 = Debug|Any CPU
		{424C0A57-577A-4BE5-87A4-1C54F9DB0D84}.Release|Any CPU.ActiveCfg = Release|Any CPU
		{424C0A57-577A-4BE5-87A4-1C54F9DB0D84}.Release|Any CPU.Build.0 = Release|Any CPU
	EndGlobalSection
	GlobalSection(SolutionProperties) = preSolution
		HideSolutionNode = FALSE
	EndGlobalSection
	GlobalSection(NestedProjects) = preSolution
		{9EDC830C-B190-4683-B576-2DF85DBD4D45} = {EFB96FD9-399C-487E-A971-4C9FF11C3AC2}
		{AAB5A6F5-E828-4F31-9634-25097B8FB9EC} = {EFB96FD9-399C-487E-A971-4C9FF11C3AC2}
		{CAABB1EA-06F1-4321-BDE8-2A1C4B5CC72E} = {EFB96FD9-399C-487E-A971-4C9FF11C3AC2}
		{424C0A57-577A-4BE5-87A4-1C54F9DB0D84} = {EFB96FD9-399C-487E-A971-4C9FF11C3AC2}
	EndGlobalSection
	GlobalSection(ExtensibilityGlobals) = postSolution
		SolutionGuid = {56BB7BB5-0DAB-4F51-960B-8EA0B05B0A6E}
	EndGlobalSection
EndGlobal
